
Microsoft Visual Studio Solution File, Format Version 12.00
# Visual Studio 15
VisualStudioVersion = 15.0.27130.2027
MinimumVisualStudioVersion = 10.0.40219.1
Project("{9A19103F-16F7-4668-BE54-9A1E7A4F7556}") = "LittlePacktBookstore", "LittlePacktBookstore\LittlePacktBookstore.csproj", "{AA67ADCC-5DDC-4939-83AB-8E25998F1DCC}"
EndProject
Global
	GlobalSection(SolutionConfigurationPlatforms) = preSolution
		Debug|Any CPU = Debug|Any CPU
		Release|Any CPU = Release|Any CPU
	EndGlobalSection
	GlobalSection(ProjectConfigurationPlatforms) = postSolution
		{AA67ADCC-5DDC-4939-83AB-8E25998F1DCC}.Debug|Any CPU.ActiveCfg = Debug|Any CPU
		{AA67ADCC-5DDC-4939-83AB-8E25998F1DCC}.Debug|Any CPU.Build.0 = Debug|Any CPU
		{AA67ADCC-5DDC-4939-83AB-8E25998F1DCC}.Release|Any CPU.ActiveCfg = Release|Any CPU
		{AA67ADCC-5DDC-4939-83AB-8E25998F1DCC}.Release|Any CPU.Build.0 = Release|Any CPU
	EndGlobalSection
	GlobalSection(SolutionProperties) = preSolution
		HideSolutionNode = FALSE
	EndGlobalSection
	GlobalSection(ExtensibilityGlobals) = postSolution
		SolutionGuid = {CE53177E-85D8-429A-A262-1038A20A3F59}
	EndGlobalSection
EndGlobal
